{
    "_readme": [
        "This file locks the dependencies of your project to a known state",
        "Read more about it at https://getcomposer.org/doc/01-basic-usage.md#installing-dependencies",
        "This file is @generated automatically"
    ],
    "content-hash": "1864ccc340095fd6aa32d5856ba2f7bc",
    "packages": [
        {
            "name": "codeigniter/framework",
            "version": "3.1.11",
            "source": {
                "type": "git",
                "url": "https://github.com/bcit-ci/CodeIgniter.git",
                "reference": "b73eb19aed66190c10c9cad476da7c36c271d6dc"
            },
            "dist": {
                "type": "zip",
                "url": "https://api.github.com/repos/bcit-ci/CodeIgniter/zipball/b73eb19aed66190c10c9cad476da7c36c271d6dc",
                "reference": "b73eb19aed66190c10c9cad476da7c36c271d6dc",
                "shasum": ""
            },
            "require": {
                "php": ">=5.3.7"
            },
            "require-dev": {
                "mikey179/vfsstream": "1.1.*",
                "phpunit/phpunit": "4.* || 5.*"
            },
            "suggest": {
                "paragonie/random_compat": "Provides better randomness in PHP 5.x"
            },
            "type": "project",
            "notification-url": "https://packagist.org/downloads/",
            "license": [
                "MIT"
            ],
            "description": "The CodeIgniter framework",
            "homepage": "https://codeigniter.com",
            "time": "2019-09-19T12:08:45+00:00"
        },
        {
            "name": "kenjis/codeigniter-composer-installer",
            "version": "v0.5.1",
            "source": {
                "type": "git",
                "url": "https://github.com/kenjis/codeigniter-composer-installer.git",
                "reference": "41f39cf727aa632f76cb73337cde9a73e8ff1a0f"
            },
            "dist": {
                "type": "zip",
                "url": "https://api.github.com/repos/kenjis/codeigniter-composer-installer/zipball/41f39cf727aa632f76cb73337cde9a73e8ff1a0f",
                "reference": "41f39cf727aa632f76cb73337cde9a73e8ff1a0f",
                "shasum": ""
            },
            "require": {
                "codeigniter/framework": "3.1.*"
            },
            "suggest": {
                "kenjis/ci-phpunit-test": "An easier way to use PHPUnit with CodeIgniter 3.0",
                "kenjis/codeigniter-cli": "A command-line tool for CodeIgniter 3.0",
                "kenjis/codeigniter-deployer": "A Deployment Tool for CodeIgniter 3.0",
                "kenjis/codeigniter-doctrine": "A simple Doctrine integration for CodeIgniter 3.0",
                "kenjis/codeigniter-ss-twig": "A Simple and Secure Twig integration for CodeIgniter 3.0"
            },
            "type": "library",
            "extra": {
                "branch-alias": {
                    "dev-master": "1.0.x-dev"
                }
            },
            "autoload": {
                "psr-4": {
                    "Kenjis\\CodeIgniter\\": "src/"
                }
            },
            "notification-url": "https://packagist.org/downloads/",
            "license": [
                "MIT"
            ],
            "authors": [
                {
                    "name": "Kenji Suzuki",
                    "email": "kenji.uui@gmail.com"
                }
            ],
            "description": "Package to install CodeIgniter3 via Composer with secure folder structure.",
            "homepage": "https://github.com/kenjis/codeigniter-composer-installer",
            "keywords": [
                "codeigniter",
                "composer",
                "installer"
            ],
            "time": "2020-12-25T10:20:32+00:00"
        }
    ],
    "packages-dev": [
        {
            "name": "mikey179/vfsstream",
            "version": "v1.x-dev",
            "source": {
                "type": "git",
                "url": "https://github.com/bovigo/vfsStream.git",
                "reference": "893597e5e6e6ff58eed99fbde4266b9cf72bce25"
            },
            "dist": {
                "type": "zip",
                "url": "https://api.github.com/repos/bovigo/vfsStream/zipball/893597e5e6e6ff58eed99fbde4266b9cf72bce25",
                "reference": "893597e5e6e6ff58eed99fbde4266b9cf72bce25",
                "shasum": ""
            },
            "require": {
                "php": ">=5.6.0"
            },
            "require-dev": {
                "phpunit/phpunit": "^4.5|^5.0"
            },
            "type": "library",
            "extra": {
                "branch-alias": {
                    "dev-master": "1.7.x-dev"
                }
            },
            "autoload": {
                "psr-4": {
                    "bovigo\\vfs\\": "src",
                    "org\\bovigo\\vfs\\": "org/bovigo/vfs"
                }
            },
            "notification-url": "https://packagist.org/downloads/",
            "license": [
                "BSD-3-Clause"
            ],
            "authors": [
                {
                    "name": "Frank Kleine",
                    "homepage": "http://frankkleine.de/",
                    "role": "Developer"
                }
            ],
            "description": "Virtual file system to mock the real file system in unit tests.",
            "homepage": "http://vfs.bovigo.org/",
            "time": "2021-08-02T03:41:45+00:00"
        }
    ],
    "aliases": [],
    "minimum-stability": "dev",
    "stability-flags": [],
    "prefer-stable": false,
    "prefer-lowest": false,
    "platform": [],
    "platform-dev": [],
    "plugin-api-version": "1.1.0"
}
